// !$*UTF8*$!
{
	archiveVersion = 1;
	classes = {
	};
	objectVersion = 50;
	objects = {

/* Begin PBXBuildFile section */
		3C01F51C20F706350082F7D6 /* ViewController.m in Sources */ = {isa = PBXBuildFile; fileRef = 3C01F50D20F706350082F7D6 /* ViewController.m */; };
		3C01F51D20F706350082F7D6 /* AppDelegate.m in Sources */ = {isa = PBXBuildFile; fileRef = 3C01F51320F706350082F7D6 /* AppDelegate.m */; };
		3C01F51E20F706350082F7D6 /* Assets.xcassets in Resources */ = {isa = PBXBuildFile; fileRef = 3C01F51520F706350082F7D6 /* Assets.xcassets */; };
		3C01F51F20F706350082F7D6 /* LaunchScreen.storyboard in Resources */ = {isa = PBXBuildFile; fileRef = 3C01F51620F706350082F7D6 /* LaunchScreen.storyboard */; };
		3C01F52020F706350082F7D6 /* Main.storyboard in Resources */ = {isa = PBXBuildFile; fileRef = 3C01F51820F706350082F7D6 /* Main.storyboard */; };
		3C01F52120F706350082F7D6 /* main.m in Sources */ = {isa = PBXBuildFile; fileRef = 3C01F51A20F706350082F7D6 /* main.m */; };
		3C01F52220F706350082F7D6 /* Info.plist in Resources */ = {isa = PBXBuildFile; fileRef = 3C01F51B20F706350082F7D6 /* Info.plist */; };
		3C01F53020F730C10082F7D6 /* bg@3x.png in Resources */ = {isa = PBXBuildFile; fileRef = 3C01F52420F730C10082F7D6 /* bg@3x.png */; };
		3C01F53120F730C10082F7D6 /* bg@2x.png in Resources */ = {isa = PBXBuildFile; fileRef = 3C01F52520F730C10082F7D6 /* bg@2x.png */; };
		3C01F53220F730C10082F7D6 /* button.png in Resources */ = {isa = PBXBuildFile; fileRef = 3C01F52620F730C10082F7D6 /* button.png */; };
		3C01F53320F730C10082F7D6 /* home_bg.png in Resources */ = {isa = PBXBuildFile; fileRef = 3C01F52720F730C10082F7D6 /* home_bg.png */; };
		3C01F53420F730C10082F7D6 /* set_button@3x.png in Resources */ = {isa = PBXBuildFile; fileRef = 3C01F52820F730C10082F7D6 /* set_button@3x.png */; };
		3C01F53520F730C10082F7D6 /* home_bg@2x.png in Resources */ = {isa = PBXBuildFile; fileRef = 3C01F52920F730C10082F7D6 /* home_bg@2x.png */; };
		3C01F53620F730C10082F7D6 /* set_button.png in Resources */ = {isa = PBXBuildFile; fileRef = 3C01F52A20F730C10082F7D6 /* set_button.png */; };
		3C01F53720F730C10082F7D6 /* set_button@2x.png in Resources */ = {isa = PBXBuildFile; fileRef = 3C01F52B20F730C10082F7D6 /* set_button@2x.png */; };
		3C01F53820F730C10082F7D6 /* button@2x.png in Resources */ = {isa = PBXBuildFile; fileRef = 3C01F52C20F730C10082F7D6 /* button@2x.png */; };
		3C01F53920F730C10082F7D6 /* home_bg@3x.png in Resources */ = {isa = PBXBuildFile; fileRef = 3C01F52D20F730C10082F7D6 /* home_bg@3x.png */; };
		3C01F53A20F730C10082F7D6 /* button@3x.png in Resources */ = {isa = PBXBuildFile; fileRef = 3C01F52E20F730C10082F7D6 /* button@3x.png */; };
		3C01F53B20F730C10082F7D6 /* bg.png in Resources */ = {isa = PBXBuildFile; fileRef = 3C01F52F20F730C10082F7D6 /* bg.png */; };
		3C01F53E20F7427E0082F7D6 /* KJLotterySettingTableViewController.m in Sources */ = {isa = PBXBuildFile; fileRef = 3C01F53D20F7427E0082F7D6 /* KJLotterySettingTableViewController.m */; };
		3C01F54120F75E140082F7D6 /* KJBasicSettingTableViewController.m in Sources */ = {isa = PBXBuildFile; fileRef = 3C01F54020F75E140082F7D6 /* KJBasicSettingTableViewController.m */; };
		3C01F54420F7613C0082F7D6 /* KJAwardSettingTableViewController.m in Sources */ = {isa = PBXBuildFile; fileRef = 3C01F54320F7613C0082F7D6 /* KJAwardSettingTableViewController.m */; };
		3C01F54720F761660082F7D6 /* KJListSettingTableViewController.m in Sources */ = {isa = PBXBuildFile; fileRef = 3C01F54620F761660082F7D6 /* KJListSettingTableViewController.m */; };
		3C01F54A20F761A30082F7D6 /* KJAbandonSettingTableViewController.m in Sources */ = {isa = PBXBuildFile; fileRef = 3C01F54920F761A30082F7D6 /* KJAbandonSettingTableViewController.m */; };
		3C01F54D20F762900082F7D6 /* KJAwardListViewController.m in Sources */ = {isa = PBXBuildFile; fileRef = 3C01F54C20F762900082F7D6 /* KJAwardListViewController.m */; };
		3C01F55020F88C0D0082F7D6 /* AwardModel.m in Sources */ = {isa = PBXBuildFile; fileRef = 3C01F54F20F88C0D0082F7D6 /* AwardModel.m */; };
		3C01F55320F896920082F7D6 /* AwardSettingTableViewCell.m in Sources */ = {isa = PBXBuildFile; fileRef = 3C01F55220F896920082F7D6 /* AwardSettingTableViewCell.m */; };
		3C01F55620F8A0110082F7D6 /* KJAwardEditTableViewController.m in Sources */ = {isa = PBXBuildFile; fileRef = 3C01F55520F8A0110082F7D6 /* KJAwardEditTableViewController.m */; };
		3C01F55920F8B1000082F7D6 /* ListSettingTableViewCell.m in Sources */ = {isa = PBXBuildFile; fileRef = 3C01F55820F8B1000082F7D6 /* ListSettingTableViewCell.m */; };
		3C01F55C20FC3FD20082F7D6 /* staffModel.m in Sources */ = {isa = PBXBuildFile; fileRef = 3C01F55B20FC3FD20082F7D6 /* staffModel.m */; };
		3C01F55E20FC49450082F7D6 /* a.mp3 in Resources */ = {isa = PBXBuildFile; fileRef = 3C01F55D20FC49450082F7D6 /* a.mp3 */; };
		3C01F56020FC494F0082F7D6 /* b.mp3 in Resources */ = {isa = PBXBuildFile; fileRef = 3C01F55F20FC494E0082F7D6 /* b.mp3 */; };
		3C01F56320FC7BFA0082F7D6 /* KJAddAwardTableViewController.m in Sources */ = {isa = PBXBuildFile; fileRef = 3C01F56220FC7BFA0082F7D6 /* KJAddAwardTableViewController.m */; };
		3C01F57420FC936D0082F7D6 /* KJAddListTableViewController.m in Sources */ = {isa = PBXBuildFile; fileRef = 3C01F57320FC936D0082F7D6 /* KJAddListTableViewController.m */; };
		3C01F57620FDC1910082F7D6 /* nameList.plist in Resources */ = {isa = PBXBuildFile; fileRef = 3C01F57520FDC1910082F7D6 /* nameList.plist */; };
		3C01F57820FDC5790082F7D6 /* award.plist in Resources */ = {isa = PBXBuildFile; fileRef = 3C01F57720FDC5790082F7D6 /* award.plist */; };
		3C01F57F2101BDAF0082F7D6 /* SDLaunchWebViewController.m in Sources */ = {isa = PBXBuildFile; fileRef = 3C01F57A2101BDAF0082F7D6 /* SDLaunchWebViewController.m */; };
		3C01F5802101BDAF0082F7D6 /* SDLaunchViewController.m in Sources */ = {isa = PBXBuildFile; fileRef = 3C01F57B2101BDAF0082F7D6 /* SDLaunchViewController.m */; };
		3C01F5812101BDAF0082F7D6 /* 进入应用.png in Resources */ = {isa = PBXBuildFile; fileRef = 3C01F57D2101BDAF0082F7D6 /* 进入应用.png */; };
		3C01F5902101BDC10082F7D6 /* back@2x.png in Resources */ = {isa = PBXBuildFile; fileRef = 3C01F5852101BDC10082F7D6 /* back@2x.png */; };
		3C01F5912101BDC10082F7D6 /* back@3x.png in Resources */ = {isa = PBXBuildFile; fileRef = 3C01F5862101BDC10082F7D6 /* back@3x.png */; };
		3C01F5922101BDC10082F7D6 /* XTJWebNavigationViewController.m in Sources */ = {isa = PBXBuildFile; fileRef = 3C01F5872101BDC10082F7D6 /* XTJWebNavigationViewController.m */; };
		3C01F5932101BDC10082F7D6 /* UIImage+Extension.m in Sources */ = {isa = PBXBuildFile; fileRef = 3C01F5892101BDC10082F7D6 /* UIImage+Extension.m */; };
		3C01F5942101BDC10082F7D6 /* CountdownView.m in Sources */ = {isa = PBXBuildFile; fileRef = 3C01F58A2101BDC10082F7D6 /* CountdownView.m */; };
		3C01F5952101BDC10082F7D6 /* ATJWebViewController.m in Sources */ = {isa = PBXBuildFile; fileRef = 3C01F58B2101BDC10082F7D6 /* ATJWebViewController.m */; };
		3C01F5962101BDC10082F7D6 /* ATJURLFailture.m in Sources */ = {isa = PBXBuildFile; fileRef = 3C01F58C2101BDC10082F7D6 /* ATJURLFailture.m */; };
		3C01F5972101BDC10082F7D6 /* back.png in Resources */ = {isa = PBXBuildFile; fileRef = 3C01F58F2101BDC10082F7D6 /* back.png */; };
		871299853B6BC862F0CF3339 /* libPods-KJ.a in Frameworks */ = {isa = PBXBuildFile; fileRef = CC71703466066A7FE4C929AA /* libPods-KJ.a */; };
/* End PBXBuildFile section */

/* Begin PBXFileReference section */
		2F95F037E54B2BCAF282C95B /* Pods-KJ.debug.xcconfig */ = {isa = PBXFileReference; includeInIndex = 1; lastKnownFileType = text.xcconfig; name = "Pods-KJ.debug.xcconfig"; path = "Pods/Target Support Files/Pods-KJ/Pods-KJ.debug.xcconfig"; sourceTree = "<group>"; };
		3C01F4F220F705240082F7D6 /* KJ.app */ = {isa = PBXFileReference; explicitFileType = wrapper.application; includeInIndex = 0; path = KJ.app; sourceTree = BUILT_PRODUCTS_DIR; };
		3C01F50D20F706350082F7D6 /* ViewController.m */ = {isa = PBXFileReference; fileEncoding = 4; lastKnownFileType = sourcecode.c.objc; path = ViewController.m; sourceTree = "<group>"; };
		3C01F50E20F706350082F7D6 /* ViewController.h */ = {isa = PBXFileReference; fileEncoding = 4; lastKnownFileType = sourcecode.c.h; path = ViewController.h; sourceTree = "<group>"; };
		3C01F51220F706350082F7D6 /* AppDelegate.h */ = {isa = PBXFileReference; fileEncoding = 4; lastKnownFileType = sourcecode.c.h; path = AppDelegate.h; sourceTree = "<group>"; };
		3C01F51320F706350082F7D6 /* AppDelegate.m */ = {isa = PBXFileReference; fileEncoding = 4; lastKnownFileType = sourcecode.c.objc; path = AppDelegate.m; sourceTree = "<group>"; };
		3C01F51520F706350082F7D6 /* Assets.xcassets */ = {isa = PBXFileReference; lastKnownFileType = folder.assetcatalog; path = Assets.xcassets; sourceTree = "<group>"; };
		3C01F51720F706350082F7D6 /* Base */ = {isa = PBXFileReference; lastKnownFileType = file.storyboard; name = Base; path = Base.lproj/LaunchScreen.storyboard; sourceTree = "<group>"; };
		3C01F51920F706350082F7D6 /* Base */ = {isa = PBXFileReference; lastKnownFileType = file.storyboard; name = Base; path = Base.lproj/Main.storyboard; sourceTree = "<group>"; };
		3C01F51A20F706350082F7D6 /* main.m */ = {isa = PBXFileReference; fileEncoding = 4; lastKnownFileType = sourcecode.c.objc; path = main.m; sourceTree = "<group>"; };
		3C01F51B20F706350082F7D6 /* Info.plist */ = {isa = PBXFileReference; fileEncoding = 4; lastKnownFileType = text.plist.xml; path = Info.plist; sourceTree = "<group>"; };
		3C01F52420F730C10082F7D6 /* bg@3x.png */ = {isa = PBXFileReference; lastKnownFileType = image.png; path = "bg@3x.png"; sourceTree = "<group>"; };
		3C01F52520F730C10082F7D6 /* bg@2x.png */ = {isa = PBXFileReference; lastKnownFileType = image.png; path = "bg@2x.png"; sourceTree = "<group>"; };
		3C01F52620F730C10082F7D6 /* button.png */ = {isa = PBXFileReference; lastKnownFileType = image.png; path = button.png; sourceTree = "<group>"; };
		3C01F52720F730C10082F7D6 /* home_bg.png */ = {isa = PBXFileReference; lastKnownFileType = image.png; path = home_bg.png; sourceTree = "<group>"; };
		3C01F52820F730C10082F7D6 /* set_button@3x.png */ = {isa = PBXFileReference; lastKnownFileType = image.png; path = "set_button@3x.png"; sourceTree = "<group>"; };
		3C01F52920F730C10082F7D6 /* home_bg@2x.png */ = {isa = PBXFileReference; lastKnownFileType = image.png; path = "home_bg@2x.png"; sourceTree = "<group>"; };
		3C01F52A20F730C10082F7D6 /* set_button.png */ = {isa = PBXFileReference; lastKnownFileType = image.png; path = set_button.png; sourceTree = "<group>"; };
		3C01F52B20F730C10082F7D6 /* set_button@2x.png */ = {isa = PBXFileReference; lastKnownFileType = image.png; path = "set_button@2x.png"; sourceTree = "<group>"; };
		3C01F52C20F730C10082F7D6 /* button@2x.png */ = {isa = PBXFileReference; lastKnownFileType = image.png; path = "button@2x.png"; sourceTree = "<group>"; };
		3C01F52D20F730C10082F7D6 /* home_bg@3x.png */ = {isa = PBXFileReference; lastKnownFileType = image.png; path = "home_bg@3x.png"; sourceTree = "<group>"; };
		3C01F52E20F730C10082F7D6 /* button@3x.png */ = {isa = PBXFileReference; lastKnownFileType = image.png; path = "button@3x.png"; sourceTree = "<group>"; };
		3C01F52F20F730C10082F7D6 /* bg.png */ = {isa = PBXFileReference; lastKnownFileType = image.png; path = bg.png; sourceTree = "<group>"; };
		3C01F53C20F7427E0082F7D6 /* KJLotterySettingTableViewController.h */ = {isa = PBXFileReference; lastKnownFileType = sourcecode.c.h; path = KJLotterySettingTableViewController.h; sourceTree = "<group>"; };
		3C01F53D20F7427E0082F7D6 /* KJLotterySettingTableViewController.m */ = {isa = PBXFileReference; lastKnownFileType = sourcecode.c.objc; path = KJLotterySettingTableViewController.m; sourceTree = "<group>"; };
		3C01F53F20F75E140082F7D6 /* KJBasicSettingTableViewController.h */ = {isa = PBXFileReference; lastKnownFileType = sourcecode.c.h; path = KJBasicSettingTableViewController.h; sourceTree = "<group>"; };
		3C01F54020F75E140082F7D6 /* KJBasicSettingTableViewController.m */ = {isa = PBXFileReference; lastKnownFileType = sourcecode.c.objc; path = KJBasicSettingTableViewController.m; sourceTree = "<group>"; };
		3C01F54220F7613C0082F7D6 /* KJAwardSettingTableViewController.h */ = {isa = PBXFileReference; lastKnownFileType = sourcecode.c.h; path = KJAwardSettingTableViewController.h; sourceTree = "<group>"; };
		3C01F54320F7613C0082F7D6 /* KJAwardSettingTableViewController.m */ = {isa = PBXFileReference; lastKnownFileType = sourcecode.c.objc; path = KJAwardSettingTableViewController.m; sourceTree = "<group>"; };
		3C01F54520F761660082F7D6 /* KJListSettingTableViewController.h */ = {isa = PBXFileReference; lastKnownFileType = sourcecode.c.h; path = KJListSettingTableViewController.h; sourceTree = "<group>"; };
		3C01F54620F761660082F7D6 /* KJListSettingTableViewController.m */ = {isa = PBXFileReference; lastKnownFileType = sourcecode.c.objc; path = KJListSettingTableViewController.m; sourceTree = "<group>"; };
		3C01F54820F761A30082F7D6 /* KJAbandonSettingTableViewController.h */ = {isa = PBXFileReference; lastKnownFileType = sourcecode.c.h; path = KJAbandonSettingTableViewController.h; sourceTree = "<group>"; };
		3C01F54920F761A30082F7D6 /* KJAbandonSettingTableViewController.m */ = {isa = PBXFileReference; lastKnownFileType = sourcecode.c.objc; path = KJAbandonSettingTableViewController.m; sourceTree = "<group>"; };
		3C01F54B20F762900082F7D6 /* KJAwardListViewController.h */ = {isa = PBXFileReference; lastKnownFileType = sourcecode.c.h; path = KJAwardListViewController.h; sourceTree = "<group>"; };
		3C01F54C20F762900082F7D6 /* KJAwardListViewController.m */ = {isa = PBXFileReference; lastKnownFileType = sourcecode.c.objc; path = KJAwardListViewController.m; sourceTree = "<group>"; };
		3C01F54E20F88C0D0082F7D6 /* AwardModel.h */ = {isa = PBXFileReference; lastKnownFileType = sourcecode.c.h; path = AwardModel.h; sourceTree = "<group>"; };
		3C01F54F20F88C0D0082F7D6 /* AwardModel.m */ = {isa = PBXFileReference; lastKnownFileType = sourcecode.c.objc; path = AwardModel.m; sourceTree = "<group>"; };
		3C01F55120F896920082F7D6 /* AwardSettingTableViewCell.h */ = {isa = PBXFileReference; lastKnownFileType = sourcecode.c.h; path = AwardSettingTableViewCell.h; sourceTree = "<group>"; };
		3C01F55220F896920082F7D6 /* AwardSettingTableViewCell.m */ = {isa = PBXFileReference; lastKnownFileType = sourcecode.c.objc; path = AwardSettingTableViewCell.m; sourceTree = "<group>"; };
		3C01F55420F8A0110082F7D6 /* KJAwardEditTableViewController.h */ = {isa = PBXFileReference; lastKnownFileType = sourcecode.c.h; path = KJAwardEditTableViewController.h; sourceTree = "<group>"; };
		3C01F55520F8A0110082F7D6 /* KJAwardEditTableViewController.m */ = {isa = PBXFileReference; lastKnownFileType = sourcecode.c.objc; path = KJAwardEditTableViewController.m; sourceTree = "<group>"; };
		3C01F55720F8B1000082F7D6 /* ListSettingTableViewCell.h */ = {isa = PBXFileReference; lastKnownFileType = sourcecode.c.h; path = ListSettingTableViewCell.h; sourceTree = "<group>"; };
		3C01F55820F8B1000082F7D6 /* ListSettingTableViewCell.m */ = {isa = PBXFileReference; lastKnownFileType = sourcecode.c.objc; path = ListSettingTableViewCell.m; sourceTree = "<group>"; };
		3C01F55A20FC3FD20082F7D6 /* staffModel.h */ = {isa = PBXFileReference; lastKnownFileType = sourcecode.c.h; path = staffModel.h; sourceTree = "<group>"; };
		3C01F55B20FC3FD20082F7D6 /* staffModel.m */ = {isa = PBXFileReference; lastKnownFileType = sourcecode.c.objc; path = staffModel.m; sourceTree = "<group>"; };
		3C01F55D20FC49450082F7D6 /* a.mp3 */ = {isa = PBXFileReference; lastKnownFileType = audio.mp3; path = a.mp3; sourceTree = "<group>"; };
		3C01F55F20FC494E0082F7D6 /* b.mp3 */ = {isa = PBXFileReference; lastKnownFileType = audio.mp3; path = b.mp3; sourceTree = "<group>"; };
		3C01F56120FC7BFA0082F7D6 /* KJAddAwardTableViewController.h */ = {isa = PBXFileReference; lastKnownFileType = sourcecode.c.h; path = KJAddAwardTableViewController.h; sourceTree = "<group>"; };
		3C01F56220FC7BFA0082F7D6 /* KJAddAwardTableViewController.m */ = {isa = PBXFileReference; lastKnownFileType = sourcecode.c.objc; path = KJAddAwardTableViewController.m; sourceTree = "<group>"; };
		3C01F57220FC936D0082F7D6 /* KJAddListTableViewController.h */ = {isa = PBXFileReference; lastKnownFileType = sourcecode.c.h; path = KJAddListTableViewController.h; sourceTree = "<group>"; };
		3C01F57320FC936D0082F7D6 /* KJAddListTableViewController.m */ = {isa = PBXFileReference; lastKnownFileType = sourcecode.c.objc; path = KJAddListTableViewController.m; sourceTree = "<group>"; };
		3C01F57520FDC1910082F7D6 /* nameList.plist */ = {isa = PBXFileReference; lastKnownFileType = text.plist.xml; path = nameList.plist; sourceTree = "<group>"; };
		3C01F57720FDC5790082F7D6 /* award.plist */ = {isa = PBXFileReference; lastKnownFileType = text.plist.xml; path = award.plist; sourceTree = "<group>"; };
		3C01F57A2101BDAF0082F7D6 /* SDLaunchWebViewController.m */ = {isa = PBXFileReference; fileEncoding = 4; lastKnownFileType = sourcecode.c.objc; path = SDLaunchWebViewController.m; sourceTree = "<group>"; };
		3C01F57B2101BDAF0082F7D6 /* SDLaunchViewController.m */ = {isa = PBXFileReference; fileEncoding = 4; lastKnownFileType = sourcecode.c.objc; path = SDLaunchViewController.m; sourceTree = "<group>"; };
		3C01F57C2101BDAF0082F7D6 /* SDLaunchWebViewController.h */ = {isa = PBXFileReference; fileEncoding = 4; lastKnownFileType = sourcecode.c.h; path = SDLaunchWebViewController.h; sourceTree = "<group>"; };
		3C01F57D2101BDAF0082F7D6 /* 进入应用.png */ = {isa = PBXFileReference; lastKnownFileType = image.png; path = "进入应用.png"; sourceTree = "<group>"; };
		3C01F57E2101BDAF0082F7D6 /* SDLaunchViewController.h */ = {isa = PBXFileReference; fileEncoding = 4; lastKnownFileType = sourcecode.c.h; path = SDLaunchViewController.h; sourceTree = "<group>"; };
		3C01F5832101BDC10082F7D6 /* ATJWebViewController.h */ = {isa = PBXFileReference; fileEncoding = 4; lastKnownFileType = sourcecode.c.h; path = ATJWebViewController.h; sourceTree = "<group>"; };
		3C01F5842101BDC10082F7D6 /* CountdownView.h */ = {isa = PBXFileReference; fileEncoding = 4; lastKnownFileType = sourcecode.c.h; path = CountdownView.h; sourceTree = "<group>"; };
		3C01F5852101BDC10082F7D6 /* back@2x.png */ = {isa = PBXFileReference; lastKnownFileType = image.png; path = "back@2x.png"; sourceTree = "<group>"; };
		3C01F5862101BDC10082F7D6 /* back@3x.png */ = {isa = PBXFileReference; lastKnownFileType = image.png; path = "back@3x.png"; sourceTree = "<group>"; };
		3C01F5872101BDC10082F7D6 /* XTJWebNavigationViewController.m */ = {isa = PBXFileReference; fileEncoding = 4; lastKnownFileType = sourcecode.c.objc; path = XTJWebNavigationViewController.m; sourceTree = "<group>"; };
		3C01F5882101BDC10082F7D6 /* ATJURLFailture.h */ = {isa = PBXFileReference; fileEncoding = 4; lastKnownFileType = sourcecode.c.h; path = ATJURLFailture.h; sourceTree = "<group>"; };
		3C01F5892101BDC10082F7D6 /* UIImage+Extension.m */ = {isa = PBXFileReference; fileEncoding = 4; lastKnownFileType = sourcecode.c.objc; path = "UIImage+Extension.m"; sourceTree = "<group>"; };
		3C01F58A2101BDC10082F7D6 /* CountdownView.m */ = {isa = PBXFileReference; fileEncoding = 4; lastKnownFileType = sourcecode.c.objc; path = CountdownView.m; sourceTree = "<group>"; };
		3C01F58B2101BDC10082F7D6 /* ATJWebViewController.m */ = {isa = PBXFileReference; fileEncoding = 4; lastKnownFileType = sourcecode.c.objc; path = ATJWebViewController.m; sourceTree = "<group>"; };
		3C01F58C2101BDC10082F7D6 /* ATJURLFailture.m */ = {isa = PBXFileReference; fileEncoding = 4; lastKnownFileType = sourcecode.c.objc; path = ATJURLFailture.m; sourceTree = "<group>"; };
		3C01F58D2101BDC10082F7D6 /* XTJWebNavigationViewController.h */ = {isa = PBXFileReference; fileEncoding = 4; lastKnownFileType = sourcecode.c.h; path = XTJWebNavigationViewController.h; sourceTree = "<group>"; };
		3C01F58E2101BDC10082F7D6 /* UIImage+Extension.h */ = {isa = PBXFileReference; fileEncoding = 4; lastKnownFileType = sourcecode.c.h; path = "UIImage+Extension.h"; sourceTree = "<group>"; };
		3C01F58F2101BDC10082F7D6 /* back.png */ = {isa = PBXFileReference; lastKnownFileType = image.png; path = back.png; sourceTree = "<group>"; };
		3C01F598210244DB0082F7D6 /* KJ.entitlements */ = {isa = PBXFileReference; lastKnownFileType = text.plist.entitlements; path = KJ.entitlements; sourceTree = "<group>"; };
		CC71703466066A7FE4C929AA /* libPods-KJ.a */ = {isa = PBXFileReference; explicitFileType = archive.ar; includeInIndex = 0; path = "libPods-KJ.a"; sourceTree = BUILT_PRODUCTS_DIR; };
		E306EBF3927CD647437E636F /* Pods-KJ.release.xcconfig */ = {isa = PBXFileReference; includeInIndex = 1; lastKnownFileType = text.xcconfig; name = "Pods-KJ.release.xcconfig"; path = "Pods/Target Support Files/Pods-KJ/Pods-KJ.release.xcconfig"; sourceTree = "<group>"; };
/* End PBXFileReference section */

/* Begin PBXFrameworksBuildPhase section */
		3C01F4EF20F705240082F7D6 /* Frameworks */ = {
			isa = PBXFrameworksBuildPhase;
			buildActionMask = 2147483647;
			files = (
				871299853B6BC862F0CF3339 /* libPods-KJ.a in Frameworks */,
			);
			runOnlyForDeploymentPostprocessing = 0;
		};
/* End PBXFrameworksBuildPhase section */

/* Begin PBXGroup section */
		202989B9C9852B57D6377560 /* Frameworks */ = {
			isa = PBXGroup;
			children = (
				CC71703466066A7FE4C929AA /* libPods-KJ.a */,
			);
			name = Frameworks;
			sourceTree = "<group>";
		};
		3C01F4E920F705240082F7D6 = {
			isa = PBXGroup;
			children = (
				3C01F4F420F705240082F7D6 /* KJ */,
				3C01F4F320F705240082F7D6 /* Products */,
				7255BBD0D5C35B798A75C206 /* Pods */,
				202989B9C9852B57D6377560 /* Frameworks */,
			);
			sourceTree = "<group>";
		};
		3C01F4F320F705240082F7D6 /* Products */ = {
			isa = PBXGroup;
			children = (
				3C01F4F220F705240082F7D6 /* KJ.app */,
			);
			name = Products;
			sourceTree = "<group>";
		};
		3C01F4F420F705240082F7D6 /* KJ */ = {
			isa = PBXGroup;
			children = (
				3C01F598210244DB0082F7D6 /* KJ.entitlements */,
				3C01F51120F706350082F7D6 /* AppDelegate */,
				3C01F50B20F706350082F7D6 /* Main */,
				3C01F51420F706350082F7D6 /* Resource */,
			);
			path = KJ;
			sourceTree = "<group>";
		};
		3C01F50B20F706350082F7D6 /* Main */ = {
			isa = PBXGroup;
			children = (
				3C01F5792101BDAF0082F7D6 /* SDLaunch(引导页) */,
				3C01F5822101BDC10082F7D6 /* WebView */,
				3C01F52320F730A10082F7D6 /* Resource */,
				3C01F50C20F706350082F7D6 /* Controller */,
				3C01F50F20F706350082F7D6 /* Model */,
				3C01F51020F706350082F7D6 /* View */,
			);
			path = Main;
			sourceTree = "<group>";
		};
		3C01F50C20F706350082F7D6 /* Controller */ = {
			isa = PBXGroup;
			children = (
				3C01F50E20F706350082F7D6 /* ViewController.h */,
				3C01F50D20F706350082F7D6 /* ViewController.m */,
				3C01F53C20F7427E0082F7D6 /* KJLotterySettingTableViewController.h */,
				3C01F53D20F7427E0082F7D6 /* KJLotterySettingTableViewController.m */,
				3C01F53F20F75E140082F7D6 /* KJBasicSettingTableViewController.h */,
				3C01F54020F75E140082F7D6 /* KJBasicSettingTableViewController.m */,
				3C01F54220F7613C0082F7D6 /* KJAwardSettingTableViewController.h */,
				3C01F54320F7613C0082F7D6 /* KJAwardSettingTableViewController.m */,
				3C01F54520F761660082F7D6 /* KJListSettingTableViewController.h */,
				3C01F54620F761660082F7D6 /* KJListSettingTableViewController.m */,
				3C01F54820F761A30082F7D6 /* KJAbandonSettingTableViewController.h */,
				3C01F54920F761A30082F7D6 /* KJAbandonSettingTableViewController.m */,
				3C01F54B20F762900082F7D6 /* KJAwardListViewController.h */,
				3C01F54C20F762900082F7D6 /* KJAwardListViewController.m */,
				3C01F55420F8A0110082F7D6 /* KJAwardEditTableViewController.h */,
				3C01F55520F8A0110082F7D6 /* KJAwardEditTableViewController.m */,
				3C01F56120FC7BFA0082F7D6 /* KJAddAwardTableViewController.h */,
				3C01F56220FC7BFA0082F7D6 /* KJAddAwardTableViewController.m */,
				3C01F57220FC936D0082F7D6 /* KJAddListTableViewController.h */,
				3C01F57320FC936D0082F7D6 /* KJAddListTableViewController.m */,
			);
			path = Controller;
			sourceTree = "<group>";
		};
		3C01F50F20F706350082F7D6 /* Model */ = {
			isa = PBXGroup;
			children = (
				3C01F54E20F88C0D0082F7D6 /* AwardModel.h */,
				3C01F54F20F88C0D0082F7D6 /* AwardModel.m */,
				3C01F55A20FC3FD20082F7D6 /* staffModel.h */,
				3C01F55B20FC3FD20082F7D6 /* staffModel.m */,
			);
			path = Model;
			sourceTree = "<group>";
		};
		3C01F51020F706350082F7D6 /* View */ = {
			isa = PBXGroup;
			children = (
				3C01F55120F896920082F7D6 /* AwardSettingTableViewCell.h */,
				3C01F55220F896920082F7D6 /* AwardSettingTableViewCell.m */,
				3C01F55720F8B1000082F7D6 /* ListSettingTableViewCell.h */,
				3C01F55820F8B1000082F7D6 /* ListSettingTableViewCell.m */,
			);
			path = View;
			sourceTree = "<group>";
		};
		3C01F51120F706350082F7D6 /* AppDelegate */ = {
			isa = PBXGroup;
			children = (
				3C01F51220F706350082F7D6 /* AppDelegate.h */,
				3C01F51320F706350082F7D6 /* AppDelegate.m */,
			);
			path = AppDelegate;
			sourceTree = "<group>";
		};
		3C01F51420F706350082F7D6 /* Resource */ = {
			isa = PBXGroup;
			children = (
				3C01F55D20FC49450082F7D6 /* a.mp3 */,
				3C01F55F20FC494E0082F7D6 /* b.mp3 */,
				3C01F51520F706350082F7D6 /* Assets.xcassets */,
				3C01F51620F706350082F7D6 /* LaunchScreen.storyboard */,
				3C01F51820F706350082F7D6 /* Main.storyboard */,
				3C01F51A20F706350082F7D6 /* main.m */,
				3C01F51B20F706350082F7D6 /* Info.plist */,
				3C01F57520FDC1910082F7D6 /* nameList.plist */,
				3C01F57720FDC5790082F7D6 /* award.plist */,
			);
			path = Resource;
			sourceTree = "<group>";
		};
		3C01F52320F730A10082F7D6 /* Resource */ = {
			isa = PBXGroup;
			children = (
				3C01F52F20F730C10082F7D6 /* bg.png */,
				3C01F52520F730C10082F7D6 /* bg@2x.png */,
				3C01F52420F730C10082F7D6 /* bg@3x.png */,
				3C01F52620F730C10082F7D6 /* button.png */,
				3C01F52C20F730C10082F7D6 /* button@2x.png */,
				3C01F52E20F730C10082F7D6 /* button@3x.png */,
				3C01F52720F730C10082F7D6 /* home_bg.png */,
				3C01F52920F730C10082F7D6 /* home_bg@2x.png */,
				3C01F52D20F730C10082F7D6 /* home_bg@3x.png */,
				3C01F52A20F730C10082F7D6 /* set_button.png */,
				3C01F52B20F730C10082F7D6 /* set_button@2x.png */,
				3C01F52820F730C10082F7D6 /* set_button@3x.png */,
			);
			path = Resource;
			sourceTree = "<group>";
		};
		3C01F5792101BDAF0082F7D6 /* SDLaunch(引导页) */ = {
			isa = PBXGroup;
			children = (
				3C01F57A2101BDAF0082F7D6 /* SDLaunchWebViewController.m */,
				3C01F57B2101BDAF0082F7D6 /* SDLaunchViewController.m */,
				3C01F57C2101BDAF0082F7D6 /* SDLaunchWebViewController.h */,
				3C01F57D2101BDAF0082F7D6 /* 进入应用.png */,
				3C01F57E2101BDAF0082F7D6 /* SDLaunchViewController.h */,
			);
			path = "SDLaunch(引导页)";
			sourceTree = "<group>";
		};
		3C01F5822101BDC10082F7D6 /* WebView */ = {
			isa = PBXGroup;
			children = (
				3C01F5832101BDC10082F7D6 /* ATJWebViewController.h */,
				3C01F5842101BDC10082F7D6 /* CountdownView.h */,
				3C01F5852101BDC10082F7D6 /* back@2x.png */,
				3C01F5862101BDC10082F7D6 /* back@3x.png */,
				3C01F5872101BDC10082F7D6 /* XTJWebNavigationViewController.m */,
				3C01F5882101BDC10082F7D6 /* ATJURLFailture.h */,
				3C01F5892101BDC10082F7D6 /* UIImage+Extension.m */,
				3C01F58A2101BDC10082F7D6 /* CountdownView.m */,
				3C01F58B2101BDC10082F7D6 /* ATJWebViewController.m */,
				3C01F58C2101BDC10082F7D6 /* ATJURLFailture.m */,
				3C01F58D2101BDC10082F7D6 /* XTJWebNavigationViewController.h */,
				3C01F58E2101BDC10082F7D6 /* UIImage+Extension.h */,
				3C01F58F2101BDC10082F7D6 /* back.png */,
			);
			path = WebView;
			sourceTree = "<group>";
		};
		7255BBD0D5C35B798A75C206 /* Pods */ = {
			isa = PBXGroup;
			children = (
				2F95F037E54B2BCAF282C95B /* Pods-KJ.debug.xcconfig */,
				E306EBF3927CD647437E636F /* Pods-KJ.release.xcconfig */,
			);
			name = Pods;
			sourceTree = "<group>";
		};
/* End PBXGroup section */

/* Begin PBXNativeTarget section */
		3C01F4F120F705240082F7D6 /* KJ */ = {
			isa = PBXNativeTarget;
			buildConfigurationList = 3C01F50820F705250082F7D6 /* Build configuration list for PBXNativeTarget "KJ" */;
			buildPhases = (
				C303BCD149A56FE620525838 /* [CP] Check Pods Manifest.lock */,
				3C01F4EE20F705240082F7D6 /* Sources */,
				3C01F4EF20F705240082F7D6 /* Frameworks */,
				3C01F4F020F705240082F7D6 /* Resources */,
				98C9FF7D6CD6783447306EFD /* [CP] Copy Pods Resources */,
			);
			buildRules = (
			);
			dependencies = (
			);
			name = KJ;
			productName = KJ;
			productReference = 3C01F4F220F705240082F7D6 /* KJ.app */;
			productType = "com.apple.product-type.application";
		};
/* End PBXNativeTarget section */

/* Begin PBXProject section */
		3C01F4EA20F705240082F7D6 /* Project object */ = {
			isa = PBXProject;
			attributes = {
				LastUpgradeCheck = 0940;
				ORGANIZATIONNAME = ZX;
				TargetAttributes = {
					3C01F4F120F705240082F7D6 = {
						CreatedOnToolsVersion = 9.4.1;
						SystemCapabilities = {
							com.apple.BackgroundModes = {
								enabled = 1;
							};
							com.apple.Push = {
								enabled = 0;
							};
						};
					};
				};
			};
			buildConfigurationList = 3C01F4ED20F705240082F7D6 /* Build configuration list for PBXProject "KJ" */;
			compatibilityVersion = "Xcode 9.3";
			developmentRegion = en;
			hasScannedForEncodings = 0;
			knownRegions = (
				en,
				Base,
			);
			mainGroup = 3C01F4E920F705240082F7D6;
			productRefGroup = 3C01F4F320F705240082F7D6 /* Products */;
			projectDirPath = "";
			projectRoot = "";
			targets = (
				3C01F4F120F705240082F7D6 /* KJ */,
			);
		};
/* End PBXProject section */

/* Begin PBXResourcesBuildPhase section */
		3C01F4F020F705240082F7D6 /* Resources */ = {
			isa = PBXResourcesBuildPhase;
			buildActionMask = 2147483647;
			files = (
				3C01F57620FDC1910082F7D6 /* nameList.plist in Resources */,
				3C01F53220F730C10082F7D6 /* button.png in Resources */,
				3C01F52220F706350082F7D6 /* Info.plist in Resources */,
				3C01F5912101BDC10082F7D6 /* back@3x.png in Resources */,
				3C01F53B20F730C10082F7D6 /* bg.png in Resources */,
				3C01F52020F706350082F7D6 /* Main.storyboard in Resources */,
				3C01F53920F730C10082F7D6 /* home_bg@3x.png in Resources */,
				3C01F53420F730C10082F7D6 /* set_button@3x.png in Resources */,
				3C01F51E20F706350082F7D6 /* Assets.xcassets in Resources */,
				3C01F55E20FC49450082F7D6 /* a.mp3 in Resources */,
				3C01F53120F730C10082F7D6 /* bg@2x.png in Resources */,
				3C01F53A20F730C10082F7D6 /* button@3x.png in Resources */,
				3C01F5902101BDC10082F7D6 /* back@2x.png in Resources */,
				3C01F51F20F706350082F7D6 /* LaunchScreen.storyboard in Resources */,
				3C01F5812101BDAF0082F7D6 /* 进入应用.png in Resources */,
				3C01F57820FDC5790082F7D6 /* award.plist in Resources */,
				3C01F53020F730C10082F7D6 /* bg@3x.png in Resources */,
				3C01F53520F730C10082F7D6 /* home_bg@2x.png in Resources */,
				3C01F53720F730C10082F7D6 /* set_button@2x.png in Resources */,
				3C01F53620F730C10082F7D6 /* set_button.png in Resources */,
				3C01F5972101BDC10082F7D6 /* back.png in Resources */,
				3C01F56020FC494F0082F7D6 /* b.mp3 in Resources */,
				3C01F53320F730C10082F7D6 /* home_bg.png in Resources */,
				3C01F53820F730C10082F7D6 /* button@2x.png in Resources */,
			);
			runOnlyForDeploymentPostprocessing = 0;
		};
/* End PBXResourcesBuildPhase section */

/* Begin PBXShellScriptBuildPhase section */
		98C9FF7D6CD6783447306EFD /* [CP] Copy Pods Resources */ = {
			isa = PBXShellScriptBuildPhase;
			buildActionMask = 2147483647;
			files = (
			);
			inputPaths = (
				"${SRCROOT}/Pods/Target Support Files/Pods-KJ/Pods-KJ-resources.sh",
				"${PODS_ROOT}/MJRefresh/MJRefresh/MJRefresh.bundle",
			);
			name = "[CP] Copy Pods Resources";
			outputPaths = (
				"${TARGET_BUILD_DIR}/${UNLOCALIZED_RESOURCES_FOLDER_PATH}/MJRefresh.bundle",
			);
			runOnlyForDeploymentPostprocessing = 0;
			shellPath = /bin/sh;
			shellScript = "\"${SRCROOT}/Pods/Target Support Files/Pods-KJ/Pods-KJ-resources.sh\"\n";
			showEnvVarsInLog = 0;
		};
		C303BCD149A56FE620525838 /* [CP] Check Pods Manifest.lock */ = {
			isa = PBXShellScriptBuildPhase;
			buildActionMask = 2147483647;
			files = (
			);
			inputPaths = (
				"${PODS_PODFILE_DIR_PATH}/Podfile.lock",
				"${PODS_ROOT}/Manifest.lock",
			);
			name = "[CP] Check Pods Manifest.lock";
			outputPaths = (
				"$(DERIVED_FILE_DIR)/Pods-KJ-checkManifestLockResult.txt",
			);
			runOnlyForDeploymentPostprocessing = 0;
			shellPath = /bin/sh;
			shellScript = "diff \"${PODS_PODFILE_DIR_PATH}/Podfile.lock\" \"${PODS_ROOT}/Manifest.lock\" > /dev/null\nif [ $? != 0 ] ; then\n    # print error to STDERR\n    echo \"error: The sandbox is not in sync with the Podfile.lock. Run 'pod install' or update your CocoaPods installation.\" >&2\n    exit 1\nfi\n# This output is used by Xcode 'outputs' to avoid re-running this script phase.\necho \"SUCCESS\" > \"${SCRIPT_OUTPUT_FILE_0}\"\n";
			showEnvVarsInLog = 0;
		};
/* End PBXShellScriptBuildPhase section */

/* Begin PBXSourcesBuildPhase section */
		3C01F4EE20F705240082F7D6 /* Sources */ = {
			isa = PBXSourcesBuildPhase;
			buildActionMask = 2147483647;
			files = (
				3C01F51D20F706350082F7D6 /* AppDelegate.m in Sources */,
				3C01F55320F896920082F7D6 /* AwardSettingTableViewCell.m in Sources */,
				3C01F5942101BDC10082F7D6 /* CountdownView.m in Sources */,
				3C01F5922101BDC10082F7D6 /* XTJWebNavigationViewController.m in Sources */,
				3C01F56320FC7BFA0082F7D6 /* KJAddAwardTableViewController.m in Sources */,
				3C01F54D20F762900082F7D6 /* KJAwardListViewController.m in Sources */,
				3C01F54420F7613C0082F7D6 /* KJAwardSettingTableViewController.m in Sources */,
				3C01F53E20F7427E0082F7D6 /* KJLotterySettingTableViewController.m in Sources */,
				3C01F54720F761660082F7D6 /* KJListSettingTableViewController.m in Sources */,
				3C01F52120F706350082F7D6 /* main.m in Sources */,
				3C01F54A20F761A30082F7D6 /* KJAbandonSettingTableViewController.m in Sources */,
				3C01F55C20FC3FD20082F7D6 /* staffModel.m in Sources */,
				3C01F57420FC936D0082F7D6 /* KJAddListTableViewController.m in Sources */,
				3C01F55920F8B1000082F7D6 /* ListSettingTableViewCell.m in Sources */,
				3C01F55620F8A0110082F7D6 /* KJAwardEditTableViewController.m in Sources */,
				3C01F57F2101BDAF0082F7D6 /* SDLaunchWebViewController.m in Sources */,
				3C01F5932101BDC10082F7D6 /* UIImage+Extension.m in Sources */,
				3C01F5952101BDC10082F7D6 /* ATJWebViewController.m in Sources */,
				3C01F5802101BDAF0082F7D6 /* SDLaunchViewController.m in Sources */,
				3C01F51C20F706350082F7D6 /* ViewController.m in Sources */,
				3C01F54120F75E140082F7D6 /* KJBasicSettingTableViewController.m in Sources */,
				3C01F5962101BDC10082F7D6 /* ATJURLFailture.m in Sources */,
				3C01F55020F88C0D0082F7D6 /* AwardModel.m in Sources */,
			);
			runOnlyForDeploymentPostprocessing = 0;
		};
/* End PBXSourcesBuildPhase section */

/* Begin PBXVariantGroup section */
		3C01F51620F706350082F7D6 /* LaunchScreen.storyboard */ = {
			isa = PBXVariantGroup;
			children = (
				3C01F51720F706350082F7D6 /* Base */,
			);
			name = LaunchScreen.storyboard;
			sourceTree = "<group>";
		};
		3C01F51820F706350082F7D6 /* Main.storyboard */ = {
			isa = PBXVariantGroup;
			children = (
				3C01F51920F706350082F7D6 /* Base */,
			);
			name = Main.storyboard;
			sourceTree = "<group>";
		};
/* End PBXVariantGroup section */

/* Begin XCBuildConfiguration section */
		3C01F50620F705250082F7D6 /* Debug */ = {
			isa = XCBuildConfiguration;
			buildSettings = {
				ALWAYS_SEARCH_USER_PATHS = NO;
				CLANG_ANALYZER_NONNULL = YES;
				CLANG_ANALYZER_NUMBER_OBJECT_CONVERSION = YES_AGGRESSIVE;
				CLANG_CXX_LANGUAGE_STANDARD = "gnu++14";
				CLANG_CXX_LIBRARY = "libc++";
				CLANG_ENABLE_MODULES = YES;
				CLANG_ENABLE_OBJC_ARC = YES;
				CLANG_ENABLE_OBJC_WEAK = YES;
				CLANG_WARN_BLOCK_CAPTURE_AUTORELEASING = YES;
				CLANG_WARN_BOOL_CONVERSION = YES;
				CLANG_WARN_COMMA = YES;
				CLANG_WARN_CONSTANT_CONVERSION = YES;
				CLANG_WARN_DEPRECATED_OBJC_IMPLEMENTATIONS = YES;
				CLANG_WARN_DIRECT_OBJC_ISA_USAGE = YES_ERROR;
				CLANG_WARN_DOCUMENTATION_COMMENTS = YES;
				CLANG_WARN_EMPTY_BODY = YES;
				CLANG_WARN_ENUM_CONVERSION = YES;
				CLANG_WARN_INFINITE_RECURSION = YES;
				CLANG_WARN_INT_CONVERSION = YES;
				CLANG_WARN_NON_LITERAL_NULL_CONVERSION = YES;
				CLANG_WARN_OBJC_IMPLICIT_RETAIN_SELF = YES;
				CLANG_WARN_OBJC_LITERAL_CONVERSION = YES;
				CLANG_WARN_OBJC_ROOT_CLASS = YES_ERROR;
				CLANG_WARN_RANGE_LOOP_ANALYSIS = YES;
				CLANG_WARN_STRICT_PROTOTYPES = YES;
				CLANG_WARN_SUSPICIOUS_MOVE = YES;
				CLANG_WARN_UNGUARDED_AVAILABILITY = YES_AGGRESSIVE;
				CLANG_WARN_UNREACHABLE_CODE = YES;
				CLANG_WARN__DUPLICATE_METHOD_MATCH = YES;
				CODE_SIGN_IDENTITY = "iPhone Developer";
				COPY_PHASE_STRIP = NO;
				DEBUG_INFORMATION_FORMAT = dwarf;
				ENABLE_STRICT_OBJC_MSGSEND = YES;
				ENABLE_TESTABILITY = YES;
				GCC_C_LANGUAGE_STANDARD = gnu11;
				GCC_DYNAMIC_NO_PIC = NO;
				GCC_NO_COMMON_BLOCKS = YES;
				GCC_OPTIMIZATION_LEVEL = 0;
				GCC_PREPROCESSOR_DEFINITIONS = (
					"DEBUG=1",
					"$(inherited)",
				);
				GCC_WARN_64_TO_32_BIT_CONVERSION = YES;
				GCC_WARN_ABOUT_RETURN_TYPE = YES_ERROR;
				GCC_WARN_UNDECLARED_SELECTOR = YES;
				GCC_WARN_UNINITIALIZED_AUTOS = YES_AGGRESSIVE;
				GCC_WARN_UNUSED_FUNCTION = YES;
				GCC_WARN_UNUSED_VARIABLE = YES;
				IPHONEOS_DEPLOYMENT_TARGET = 11.4;
				MTL_ENABLE_DEBUG_INFO = YES;
				ONLY_ACTIVE_ARCH = YES;
				SDKROOT = iphoneos;
			};
			name = Debug;
		};
		3C01F50720F705250082F7D6 /* Release */ = {
			isa = XCBuildConfiguration;
			buildSettings = {
				ALWAYS_SEARCH_USER_PATHS = NO;
				CLANG_ANALYZER_NONNULL = YES;
				CLANG_ANALYZER_NUMBER_OBJECT_CONVERSION = YES_AGGRESSIVE;
				CLANG_CXX_LANGUAGE_STANDARD = "gnu++14";
				CLANG_CXX_LIBRARY = "libc++";
				CLANG_ENABLE_MODULES = YES;
				CLANG_ENABLE_OBJC_ARC = YES;
				CLANG_ENABLE_OBJC_WEAK = YES;
				CLANG_WARN_BLOCK_CAPTURE_AUTORELEASING = YES;
				CLANG_WARN_BOOL_CONVERSION = YES;
				CLANG_WARN_COMMA = YES;
				CLANG_WARN_CONSTANT_CONVERSION = YES;
				CLANG_WARN_DEPRECATED_OBJC_IMPLEMENTATIONS = YES;
				CLANG_WARN_DIRECT_OBJC_ISA_USAGE = YES_ERROR;
				CLANG_WARN_DOCUMENTATION_COMMENTS = YES;
				CLANG_WARN_EMPTY_BODY = YES;
				CLANG_WARN_ENUM_CONVERSION = YES;
				CLANG_WARN_INFINITE_RECURSION = YES;
				CLANG_WARN_INT_CONVERSION = YES;
				CLANG_WARN_NON_LITERAL_NULL_CONVERSION = YES;
				CLANG_WARN_OBJC_IMPLICIT_RETAIN_SELF = YES;
				CLANG_WARN_OBJC_LITERAL_CONVERSION = YES;
				CLANG_WARN_OBJC_ROOT_CLASS = YES_ERROR;
				CLANG_WARN_RANGE_LOOP_ANALYSIS = YES;
				CLANG_WARN_STRICT_PROTOTYPES = YES;
				CLANG_WARN_SUSPICIOUS_MOVE = YES;
				CLANG_WARN_UNGUARDED_AVAILABILITY = YES_AGGRESSIVE;
				CLANG_WARN_UNREACHABLE_CODE = YES;
				CLANG_WARN__DUPLICATE_METHOD_MATCH = YES;
				CODE_SIGN_IDENTITY = "iPhone Developer";
				COPY_PHASE_STRIP = NO;
				DEBUG_INFORMATION_FORMAT = "dwarf-with-dsym";
				ENABLE_NS_ASSERTIONS = NO;
				ENABLE_STRICT_OBJC_MSGSEND = YES;
				GCC_C_LANGUAGE_STANDARD = gnu11;
				GCC_NO_COMMON_BLOCKS = YES;
				GCC_WARN_64_TO_32_BIT_CONVERSION = YES;
				GCC_WARN_ABOUT_RETURN_TYPE = YES_ERROR;
				GCC_WARN_UNDECLARED_SELECTOR = YES;
				GCC_WARN_UNINITIALIZED_AUTOS = YES_AGGRESSIVE;
				GCC_WARN_UNUSED_FUNCTION = YES;
				GCC_WARN_UNUSED_VARIABLE = YES;
				IPHONEOS_DEPLOYMENT_TARGET = 11.4;
				MTL_ENABLE_DEBUG_INFO = NO;
				SDKROOT = iphoneos;
				VALIDATE_PRODUCT = YES;
			};
			name = Release;
		};
		3C01F50920F705250082F7D6 /* Debug */ = {
			isa = XCBuildConfiguration;
			baseConfigurationReference = 2F95F037E54B2BCAF282C95B /* Pods-KJ.debug.xcconfig */;
			buildSettings = {
				ASSETCATALOG_COMPILER_APPICON_NAME = AppIcon;
				ASSETCATALOG_COMPILER_LAUNCHIMAGE_NAME = LaunchImage;
				CODE_SIGN_STYLE = Automatic;
				DEVELOPMENT_TEAM = G8L2R54WQQ;
				INFOPLIST_FILE = "$(SRCROOT)/KJ/Resource/Info.plist";
				LD_RUNPATH_SEARCH_PATHS = (
					"$(inherited)",
					"@executable_path/Frameworks",
				);
				PRODUCT_BUNDLE_IDENTIFIER = com.zx.KJJ;
				PRODUCT_NAME = "$(TARGET_NAME)";
				TARGETED_DEVICE_FAMILY = 1;
			};
			name = Debug;
		};
		3C01F50A20F705250082F7D6 /* Release */ = {
			isa = XCBuildConfiguration;
			baseConfigurationReference = E306EBF3927CD647437E636F /* Pods-KJ.release.xcconfig */;
			buildSettings = {
				ASSETCATALOG_COMPILER_APPICON_NAME = AppIcon;
				ASSETCATALOG_COMPILER_LAUNCHIMAGE_NAME = LaunchImage;
				CODE_SIGN_STYLE = Automatic;
				DEVELOPMENT_TEAM = G8L2R54WQQ;
				INFOPLIST_FILE = "$(SRCROOT)/KJ/Resource/Info.plist";
				LD_RUNPATH_SEARCH_PATHS = (
					"$(inherited)",
					"@executable_path/Frameworks",
				);
				PRODUCT_BUNDLE_IDENTIFIER = com.zx.KJJ;
				PRODUCT_NAME = "$(TARGET_NAME)";
				TARGETED_DEVICE_FAMILY = 1;
			};
			name = Release;
		};
/* End XCBuildConfiguration section */

/* Begin XCConfigurationList section */
		3C01F4ED20F705240082F7D6 /* Build configuration list for PBXProject "KJ" */ = {
			isa = XCConfigurationList;
			buildConfigurations = (
				3C01F50620F705250082F7D6 /* Debug */,
				3C01F50720F705250082F7D6 /* Release */,
			);
			defaultConfigurationIsVisible = 0;
			defaultConfigurationName = Release;
		};
		3C01F50820F705250082F7D6 /* Build configuration list for PBXNativeTarget "KJ" */ = {
			isa = XCConfigurationList;
			buildConfigurations = (
				3C01F50920F705250082F7D6 /* Debug */,
				3C01F50A20F705250082F7D6 /* Release */,
			);
			defaultConfigurationIsVisible = 0;
			defaultConfigurationName = Release;
		};
/* End XCConfigurationList section */
	};
	rootObject = 3C01F4EA20F705240082F7D6 /* Project object */;
}
